// !$*UTF8*$!
{
	archiveVersion = 1;
	classes = {
	};
	objectVersion = 46;
	objects = {

/* Begin PBXBuildFile section */
		660DD5101BD5E44F00DE1A90 /* Skin in Resources */ = {isa = PBXBuildFile; fileRef = 660DD50F1BD5E44F00DE1A90 /* Skin */; settings = {ASSET_TAGS = (); }; };
		660DD5251BD61F0900DE1A90 /* FFSkinUtils.m in Sources */ = {isa = PBXBuildFile; fileRef = 660DD5201BD61F0900DE1A90 /* FFSkinUtils.m */; settings = {ASSET_TAGS = (); }; };
		660DD5261BD61F0900DE1A90 /* FFSkinUtils.m in Sources */ = {isa = PBXBuildFile; fileRef = 660DD5201BD61F0900DE1A90 /* FFSkinUtils.m */; settings = {ASSET_TAGS = (); }; };
		660DD5271BD61F0900DE1A90 /* SkinConfig.plist in Resources */ = {isa = PBXBuildFile; fileRef = 660DD5211BD61F0900DE1A90 /* SkinConfig.plist */; settings = {ASSET_TAGS = (); }; };
		660DD5281BD61F0900DE1A90 /* SkinConfig.plist in Resources */ = {isa = PBXBuildFile; fileRef = 660DD5211BD61F0900DE1A90 /* SkinConfig.plist */; settings = {ASSET_TAGS = (); }; };
		660DD5291BD61F0900DE1A90 /* FFUserDefaultsUtils.m in Sources */ = {isa = PBXBuildFile; fileRef = 660DD5241BD61F0900DE1A90 /* FFUserDefaultsUtils.m */; settings = {ASSET_TAGS = (); }; };
		660DD52A1BD61F0900DE1A90 /* FFUserDefaultsUtils.m in Sources */ = {isa = PBXBuildFile; fileRef = 660DD5241BD61F0900DE1A90 /* FFUserDefaultsUtils.m */; settings = {ASSET_TAGS = (); }; };
		6649DBD31BD8E68000909976 /* Arrow@2x.png in Resources */ = {isa = PBXBuildFile; fileRef = 6649DBCA1BD8E68000909976 /* Arrow@2x.png */; settings = {ASSET_TAGS = (); }; };
		6649DBD41BD8E68000909976 /* Arrow@2x.png in Resources */ = {isa = PBXBuildFile; fileRef = 6649DBCA1BD8E68000909976 /* Arrow@2x.png */; settings = {ASSET_TAGS = (); }; };
		6649DBD51BD8E68000909976 /* FFItemsListScrollView.m in Sources */ = {isa = PBXBuildFile; fileRef = 6649DBCC1BD8E68000909976 /* FFItemsListScrollView.m */; settings = {ASSET_TAGS = (); }; };
		6649DBD61BD8E68000909976 /* FFItemsListScrollView.m in Sources */ = {isa = PBXBuildFile; fileRef = 6649DBCC1BD8E68000909976 /* FFItemsListScrollView.m */; settings = {ASSET_TAGS = (); }; };
		6649DBD71BD8E68000909976 /* FFItemsManageBar.m in Sources */ = {isa = PBXBuildFile; fileRef = 6649DBCE1BD8E68000909976 /* FFItemsManageBar.m */; settings = {ASSET_TAGS = (); }; };
		6649DBD81BD8E68000909976 /* FFItemsManageBar.m in Sources */ = {isa = PBXBuildFile; fileRef = 6649DBCE1BD8E68000909976 /* FFItemsManageBar.m */; settings = {ASSET_TAGS = (); }; };
		6649DBD91BD8E68000909976 /* FFItemsScrollBar.m in Sources */ = {isa = PBXBuildFile; fileRef = 6649DBD01BD8E68000909976 /* FFItemsScrollBar.m */; settings = {ASSET_TAGS = (); }; };
		6649DBDA1BD8E68000909976 /* FFItemsScrollBar.m in Sources */ = {isa = PBXBuildFile; fileRef = 6649DBD01BD8E68000909976 /* FFItemsScrollBar.m */; settings = {ASSET_TAGS = (); }; };
		6649DBDB1BD8E68000909976 /* FFItemsScrollController.m in Sources */ = {isa = PBXBuildFile; fileRef = 6649DBD21BD8E68000909976 /* FFItemsScrollController.m */; settings = {ASSET_TAGS = (); }; };
		6649DBDC1BD8E68000909976 /* FFItemsScrollController.m in Sources */ = {isa = PBXBuildFile; fileRef = 6649DBD21BD8E68000909976 /* FFItemsScrollController.m */; settings = {ASSET_TAGS = (); }; };
		665E3C8A1BD12C7400282D71 /* UIView+FFExtension.m in Sources */ = {isa = PBXBuildFile; fileRef = 665E3C7C1BD12C7400282D71 /* UIView+FFExtension.m */; };
		665E3C8B1BD12C7400282D71 /* UIView+FFExtension.m in Sources */ = {isa = PBXBuildFile; fileRef = 665E3C7C1BD12C7400282D71 /* UIView+FFExtension.m */; };
		665E3C8C1BD12C7400282D71 /* Images.xcassets in Resources */ = {isa = PBXBuildFile; fileRef = 665E3C7D1BD12C7400282D71 /* Images.xcassets */; };
		665E3C8D1BD12C7400282D71 /* Images.xcassets in Resources */ = {isa = PBXBuildFile; fileRef = 665E3C7D1BD12C7400282D71 /* Images.xcassets */; };
		665E3C901BD12C7400282D71 /* AppDelegate.m in Sources */ = {isa = PBXBuildFile; fileRef = 665E3C811BD12C7400282D71 /* AppDelegate.m */; };
		665E3C911BD12C7400282D71 /* AppDelegate.m in Sources */ = {isa = PBXBuildFile; fileRef = 665E3C811BD12C7400282D71 /* AppDelegate.m */; };
		665E3C921BD12C7400282D71 /* main.m in Sources */ = {isa = PBXBuildFile; fileRef = 665E3C821BD12C7400282D71 /* main.m */; };
		665E3C931BD12C7400282D71 /* main.m in Sources */ = {isa = PBXBuildFile; fileRef = 665E3C821BD12C7400282D71 /* main.m */; };
		667124AD1BD4D0B40079C884 /* CinemaViewController.m in Sources */ = {isa = PBXBuildFile; fileRef = 667124AC1BD4D0B40079C884 /* CinemaViewController.m */; };
		667124AE1BD4D0B40079C884 /* CinemaViewController.m in Sources */ = {isa = PBXBuildFile; fileRef = 667124AC1BD4D0B40079C884 /* CinemaViewController.m */; };
		667124B11BD4D0C70079C884 /* MoreViewController.m in Sources */ = {isa = PBXBuildFile; fileRef = 667124B01BD4D0C70079C884 /* MoreViewController.m */; };
		667124B21BD4D0C70079C884 /* MoreViewController.m in Sources */ = {isa = PBXBuildFile; fileRef = 667124B01BD4D0C70079C884 /* MoreViewController.m */; };
		667124B51BD4D0D00079C884 /* MovieViewController.m in Sources */ = {isa = PBXBuildFile; fileRef = 667124B41BD4D0D00079C884 /* MovieViewController.m */; };
		667124B61BD4D0D00079C884 /* MovieViewController.m in Sources */ = {isa = PBXBuildFile; fileRef = 667124B41BD4D0D00079C884 /* MovieViewController.m */; };
		667124B91BD4D0D90079C884 /* NewsViewController.m in Sources */ = {isa = PBXBuildFile; fileRef = 667124B81BD4D0D90079C884 /* NewsViewController.m */; };
		667124BA1BD4D0D90079C884 /* NewsViewController.m in Sources */ = {isa = PBXBuildFile; fileRef = 667124B81BD4D0D90079C884 /* NewsViewController.m */; };
		667124BD1BD4D0E60079C884 /* Top250ViewController.m in Sources */ = {isa = PBXBuildFile; fileRef = 667124BC1BD4D0E60079C884 /* Top250ViewController.m */; };
		667124BE1BD4D0E60079C884 /* Top250ViewController.m in Sources */ = {isa = PBXBuildFile; fileRef = 667124BC1BD4D0E60079C884 /* Top250ViewController.m */; };
		667124C11BD4D1050079C884 /* CinemaModel.m in Sources */ = {isa = PBXBuildFile; fileRef = 667124C01BD4D1050079C884 /* CinemaModel.m */; };
		667124C21BD4D1050079C884 /* CinemaModel.m in Sources */ = {isa = PBXBuildFile; fileRef = 667124C01BD4D1050079C884 /* CinemaModel.m */; };
		667124C51BD4D1100079C884 /* MoreModel.m in Sources */ = {isa = PBXBuildFile; fileRef = 667124C41BD4D1100079C884 /* MoreModel.m */; };
		667124C61BD4D1100079C884 /* MoreModel.m in Sources */ = {isa = PBXBuildFile; fileRef = 667124C41BD4D1100079C884 /* MoreModel.m */; };
		667124C91BD4D1250079C884 /* MovieModel.m in Sources */ = {isa = PBXBuildFile; fileRef = 667124C81BD4D1250079C884 /* MovieModel.m */; };
		667124CA1BD4D1250079C884 /* MovieModel.m in Sources */ = {isa = PBXBuildFile; fileRef = 667124C81BD4D1250079C884 /* MovieModel.m */; };
		667124CD1BD4D12F0079C884 /* NewsModel.m in Sources */ = {isa = PBXBuildFile; fileRef = 667124CC1BD4D12F0079C884 /* NewsModel.m */; };
		667124CE1BD4D12F0079C884 /* NewsModel.m in Sources */ = {isa = PBXBuildFile; fileRef = 667124CC1BD4D12F0079C884 /* NewsModel.m */; };
		667124D11BD4D13C0079C884 /* Top250Model.m in Sources */ = {isa = PBXBuildFile; fileRef = 667124D01BD4D13C0079C884 /* Top250Model.m */; };
		667124D21BD4D13C0079C884 /* Top250Model.m in Sources */ = {isa = PBXBuildFile; fileRef = 667124D01BD4D13C0079C884 /* Top250Model.m */; };
		667124D51BD4D18D0079C884 /* FFBaseTableViewCell.m in Sources */ = {isa = PBXBuildFile; fileRef = 667124D41BD4D18D0079C884 /* FFBaseTableViewCell.m */; };
		667124D61BD4D18D0079C884 /* FFBaseTableViewCell.m in Sources */ = {isa = PBXBuildFile; fileRef = 667124D41BD4D18D0079C884 /* FFBaseTableViewCell.m */; };
		667124D91BD4D1AA0079C884 /* CinemaTableViewCell.m in Sources */ = {isa = PBXBuildFile; fileRef = 667124D81BD4D1AA0079C884 /* CinemaTableViewCell.m */; };
		667124DA1BD4D1AA0079C884 /* CinemaTableViewCell.m in Sources */ = {isa = PBXBuildFile; fileRef = 667124D81BD4D1AA0079C884 /* CinemaTableViewCell.m */; };
		667124DD1BD4D1BD0079C884 /* MoreTableViewCell.m in Sources */ = {isa = PBXBuildFile; fileRef = 667124DC1BD4D1BD0079C884 /* MoreTableViewCell.m */; };
		667124DE1BD4D1BD0079C884 /* MoreTableViewCell.m in Sources */ = {isa = PBXBuildFile; fileRef = 667124DC1BD4D1BD0079C884 /* MoreTableViewCell.m */; };
		667124E11BD4D1C90079C884 /* MovieTableViewCell.m in Sources */ = {isa = PBXBuildFile; fileRef = 667124E01BD4D1C90079C884 /* MovieTableViewCell.m */; };
		667124E21BD4D1C90079C884 /* MovieTableViewCell.m in Sources */ = {isa = PBXBuildFile; fileRef = 667124E01BD4D1C90079C884 /* MovieTableViewCell.m */; };
		667124E51BD4D1DC0079C884 /* NewsTableViewCell.m in Sources */ = {isa = PBXBuildFile; fileRef = 667124E41BD4D1DC0079C884 /* NewsTableViewCell.m */; };
		667124E61BD4D1DC0079C884 /* NewsTableViewCell.m in Sources */ = {isa = PBXBuildFile; fileRef = 667124E41BD4D1DC0079C884 /* NewsTableViewCell.m */; };
		667124E91BD4D1EB0079C884 /* Top250TableViewCell.m in Sources */ = {isa = PBXBuildFile; fileRef = 667124E81BD4D1EB0079C884 /* Top250TableViewCell.m */; };
		667124EA1BD4D1EB0079C884 /* Top250TableViewCell.m in Sources */ = {isa = PBXBuildFile; fileRef = 667124E81BD4D1EB0079C884 /* Top250TableViewCell.m */; };
		667124FF1BD4D26D0079C884 /* AFHTTPRequestOperation.m in Sources */ = {isa = PBXBuildFile; fileRef = 667124ED1BD4D26D0079C884 /* AFHTTPRequestOperation.m */; };
		667125001BD4D26D0079C884 /* AFHTTPRequestOperation.m in Sources */ = {isa = PBXBuildFile; fileRef = 667124ED1BD4D26D0079C884 /* AFHTTPRequestOperation.m */; };
		667125011BD4D26D0079C884 /* AFHTTPRequestOperationManager.m in Sources */ = {isa = PBXBuildFile; fileRef = 667124EF1BD4D26D0079C884 /* AFHTTPRequestOperationManager.m */; };
		667125021BD4D26D0079C884 /* AFHTTPRequestOperationManager.m in Sources */ = {isa = PBXBuildFile; fileRef = 667124EF1BD4D26D0079C884 /* AFHTTPRequestOperationManager.m */; };
		667125031BD4D26D0079C884 /* AFHTTPSessionManager.m in Sources */ = {isa = PBXBuildFile; fileRef = 667124F11BD4D26D0079C884 /* AFHTTPSessionManager.m */; };
		667125041BD4D26D0079C884 /* AFHTTPSessionManager.m in Sources */ = {isa = PBXBuildFile; fileRef = 667124F11BD4D26D0079C884 /* AFHTTPSessionManager.m */; };
		667125051BD4D26D0079C884 /* AFNetworkReachabilityManager.m in Sources */ = {isa = PBXBuildFile; fileRef = 667124F41BD4D26D0079C884 /* AFNetworkReachabilityManager.m */; };
		667125061BD4D26D0079C884 /* AFNetworkReachabilityManager.m in Sources */ = {isa = PBXBuildFile; fileRef = 667124F41BD4D26D0079C884 /* AFNetworkReachabilityManager.m */; };
		667125071BD4D26D0079C884 /* AFSecurityPolicy.m in Sources */ = {isa = PBXBuildFile; fileRef = 667124F61BD4D26D0079C884 /* AFSecurityPolicy.m */; };
		667125081BD4D26D0079C884 /* AFSecurityPolicy.m in Sources */ = {isa = PBXBuildFile; fileRef = 667124F61BD4D26D0079C884 /* AFSecurityPolicy.m */; };
		667125091BD4D26D0079C884 /* AFURLConnectionOperation.m in Sources */ = {isa = PBXBuildFile; fileRef = 667124F81BD4D26D0079C884 /* AFURLConnectionOperation.m */; };
		6671250A1BD4D26D0079C884 /* AFURLConnectionOperation.m in Sources */ = {isa = PBXBuildFile; fileRef = 667124F81BD4D26D0079C884 /* AFURLConnectionOperation.m */; };
		6671250B1BD4D26D0079C884 /* AFURLRequestSerialization.m in Sources */ = {isa = PBXBuildFile; fileRef = 667124FA1BD4D26D0079C884 /* AFURLRequestSerialization.m */; };
		6671250C1BD4D26D0079C884 /* AFURLRequestSerialization.m in Sources */ = {isa = PBXBuildFile; fileRef = 667124FA1BD4D26D0079C884 /* AFURLRequestSerialization.m */; };
		6671250D1BD4D26D0079C884 /* AFURLResponseSerialization.m in Sources */ = {isa = PBXBuildFile; fileRef = 667124FC1BD4D26D0079C884 /* AFURLResponseSerialization.m */; };
		6671250E1BD4D26D0079C884 /* AFURLResponseSerialization.m in Sources */ = {isa = PBXBuildFile; fileRef = 667124FC1BD4D26D0079C884 /* AFURLResponseSerialization.m */; };
		6671250F1BD4D26D0079C884 /* AFURLSessionManager.m in Sources */ = {isa = PBXBuildFile; fileRef = 667124FE1BD4D26D0079C884 /* AFURLSessionManager.m */; };
		667125101BD4D26D0079C884 /* AFURLSessionManager.m in Sources */ = {isa = PBXBuildFile; fileRef = 667124FE1BD4D26D0079C884 /* AFURLSessionManager.m */; };
		667125131BD4D9E50079C884 /* FFBaseTabBarController.m in Sources */ = {isa = PBXBuildFile; fileRef = 667125121BD4D9E50079C884 /* FFBaseTabBarController.m */; };
		667125141BD4D9E50079C884 /* FFBaseTabBarController.m in Sources */ = {isa = PBXBuildFile; fileRef = 667125121BD4D9E50079C884 /* FFBaseTabBarController.m */; };
		667125171BD4DA040079C884 /* FFBaseNavigationController.m in Sources */ = {isa = PBXBuildFile; fileRef = 667125161BD4DA040079C884 /* FFBaseNavigationController.m */; };
		667125181BD4DA040079C884 /* FFBaseNavigationController.m in Sources */ = {isa = PBXBuildFile; fileRef = 667125161BD4DA040079C884 /* FFBaseNavigationController.m */; };
		6671251B1BD4DA390079C884 /* FFTabBarController.m in Sources */ = {isa = PBXBuildFile; fileRef = 6671251A1BD4DA390079C884 /* FFTabBarController.m */; };
		6671251C1BD4DA390079C884 /* FFTabBarController.m in Sources */ = {isa = PBXBuildFile; fileRef = 6671251A1BD4DA390079C884 /* FFTabBarController.m */; };
		667125241BD4DD8C0079C884 /* UITabBar+FFExtension.m in Sources */ = {isa = PBXBuildFile; fileRef = 667125231BD4DD8C0079C884 /* UITabBar+FFExtension.m */; };
		667125251BD4DD8C0079C884 /* UITabBar+FFExtension.m in Sources */ = {isa = PBXBuildFile; fileRef = 667125231BD4DD8C0079C884 /* UITabBar+FFExtension.m */; };
		667125281BD4E6630079C884 /* FFNavigationController.m in Sources */ = {isa = PBXBuildFile; fileRef = 667125271BD4E6630079C884 /* FFNavigationController.m */; };
		667125291BD4E6630079C884 /* FFNavigationController.m in Sources */ = {isa = PBXBuildFile; fileRef = 667125271BD4E6630079C884 /* FFNavigationController.m */; };
		667125371BD4ECFD0079C884 /* FFImageUtils.m in Sources */ = {isa = PBXBuildFile; fileRef = 667125361BD4ECFD0079C884 /* FFImageUtils.m */; };
		667125381BD4ECFD0079C884 /* FFImageUtils.m in Sources */ = {isa = PBXBuildFile; fileRef = 667125361BD4ECFD0079C884 /* FFImageUtils.m */; };
		66A80F671BD095BD0094CF29 /* FFMovieTests.m in Sources */ = {isa = PBXBuildFile; fileRef = 66A80F661BD095BD0094CF29 /* FFMovieTests.m */; };
		66A812F91BD4813B00D3086C /* Info.plist in Resources */ = {isa = PBXBuildFile; fileRef = 66A812F71BD4813B00D3086C /* Info.plist */; };
		66A812FF1BD4AAE700D3086C /* FFBaseViewController.m in Sources */ = {isa = PBXBuildFile; fileRef = 66A812FE1BD4AAE700D3086C /* FFBaseViewController.m */; };
		66A813001BD4AAE700D3086C /* FFBaseViewController.m in Sources */ = {isa = PBXBuildFile; fileRef = 66A812FE1BD4AAE700D3086C /* FFBaseViewController.m */; };
		66A813041BD4AAF300D3086C /* FFBaseModel.m in Sources */ = {isa = PBXBuildFile; fileRef = 66A813031BD4AAF300D3086C /* FFBaseModel.m */; };
		66A813051BD4AAF300D3086C /* FFBaseModel.m in Sources */ = {isa = PBXBuildFile; fileRef = 66A813031BD4AAF300D3086C /* FFBaseModel.m */; };
		66A813091BD4AB0000D3086C /* FFBaseView.m in Sources */ = {isa = PBXBuildFile; fileRef = 66A813081BD4AB0000D3086C /* FFBaseView.m */; };
		66A8130A1BD4AB0000D3086C /* FFBaseView.m in Sources */ = {isa = PBXBuildFile; fileRef = 66A813081BD4AB0000D3086C /* FFBaseView.m */; };
		66FF11351BD9C5520009BDBC /* FFItem.m in Sources */ = {isa = PBXBuildFile; fileRef = 66FF11341BD9C5520009BDBC /* FFItem.m */; settings = {ASSET_TAGS = (); }; };
		66FF11361BD9C5520009BDBC /* FFItem.m in Sources */ = {isa = PBXBuildFile; fileRef = 66FF11341BD9C5520009BDBC /* FFItem.m */; settings = {ASSET_TAGS = (); }; };
		66FF11381BD9CF590009BDBC /* Delete@2x.png in Resources */ = {isa = PBXBuildFile; fileRef = 66FF11371BD9CF590009BDBC /* Delete@2x.png */; settings = {ASSET_TAGS = (); }; };
		66FF11391BD9CF590009BDBC /* Delete@2x.png in Resources */ = {isa = PBXBuildFile; fileRef = 66FF11371BD9CF590009BDBC /* Delete@2x.png */; settings = {ASSET_TAGS = (); }; };
/* End PBXBuildFile section */

/* Begin PBXContainerItemProxy section */
		66A80F611BD095BD0094CF29 /* PBXContainerItemProxy */ = {
			isa = PBXContainerItemProxy;
			containerPortal = 66A80F3F1BD095BD0094CF29 /* Project object */;
			proxyType = 1;
			remoteGlobalIDString = 66A80F461BD095BD0094CF29;
			remoteInfo = FFMovie;
		};
/* End PBXContainerItemProxy section */

/* Begin PBXFileReference section */
		660DD50F1BD5E44F00DE1A90 /* Skin */ = {isa = PBXFileReference; lastKnownFileType = folder; path = Skin; sourceTree = "<group>"; };
		660DD51F1BD61F0900DE1A90 /* FFSkinUtils.h */ = {isa = PBXFileReference; fileEncoding = 4; lastKnownFileType = sourcecode.c.h; path = FFSkinUtils.h; sourceTree = "<group>"; };
		660DD5201BD61F0900DE1A90 /* FFSkinUtils.m */ = {isa = PBXFileReference; fileEncoding = 4; lastKnownFileType = sourcecode.c.objc; path = FFSkinUtils.m; sourceTree = "<group>"; };
		660DD5211BD61F0900DE1A90 /* SkinConfig.plist */ = {isa = PBXFileReference; fileEncoding = 4; lastKnownFileType = text.plist.xml; path = SkinConfig.plist; sourceTree = "<group>"; };
		660DD5231BD61F0900DE1A90 /* FFUserDefaultsUtils.h */ = {isa = PBXFileReference; fileEncoding = 4; lastKnownFileType = sourcecode.c.h; path = FFUserDefaultsUtils.h; sourceTree = "<group>"; };
		660DD5241BD61F0900DE1A90 /* FFUserDefaultsUtils.m */ = {isa = PBXFileReference; fileEncoding = 4; lastKnownFileType = sourcecode.c.objc; path = FFUserDefaultsUtils.m; sourceTree = "<group>"; };
		6649DBCA1BD8E68000909976 /* Arrow@2x.png */ = {isa = PBXFileReference; lastKnownFileType = image.png; path = "Arrow@2x.png"; sourceTree = "<group>"; };
		6649DBCB1BD8E68000909976 /* FFItemsListScrollView.h */ = {isa = PBXFileReference; fileEncoding = 4; lastKnownFileType = sourcecode.c.h; path = FFItemsListScrollView.h; sourceTree = "<group>"; };
		6649DBCC1BD8E68000909976 /* FFItemsListScrollView.m */ = {isa = PBXFileReference; fileEncoding = 4; lastKnownFileType = sourcecode.c.objc; path = FFItemsListScrollView.m; sourceTree = "<group>"; };
		6649DBCD1BD8E68000909976 /* FFItemsManageBar.h */ = {isa = PBXFileReference; fileEncoding = 4; lastKnownFileType = sourcecode.c.h; path = FFItemsManageBar.h; sourceTree = "<group>"; };
		6649DBCE1BD8E68000909976 /* FFItemsManageBar.m */ = {isa = PBXFileReference; fileEncoding = 4; lastKnownFileType = sourcecode.c.objc; path = FFItemsManageBar.m; sourceTree = "<group>"; };
		6649DBCF1BD8E68000909976 /* FFItemsScrollBar.h */ = {isa = PBXFileReference; fileEncoding = 4; lastKnownFileType = sourcecode.c.h; path = FFItemsScrollBar.h; sourceTree = "<group>"; };
		6649DBD01BD8E68000909976 /* FFItemsScrollBar.m */ = {isa = PBXFileReference; fileEncoding = 4; lastKnownFileType = sourcecode.c.objc; path = FFItemsScrollBar.m; sourceTree = "<group>"; };
		6649DBD11BD8E68000909976 /* FFItemsScrollController.h */ = {isa = PBXFileReference; fileEncoding = 4; lastKnownFileType = sourcecode.c.h; path = FFItemsScrollController.h; sourceTree = "<group>"; };
		6649DBD21BD8E68000909976 /* FFItemsScrollController.m */ = {isa = PBXFileReference; fileEncoding = 4; lastKnownFileType = sourcecode.c.objc; path = FFItemsScrollController.m; sourceTree = "<group>"; };
		665E3C7B1BD12C7400282D71 /* UIView+FFExtension.h */ = {isa = PBXFileReference; fileEncoding = 4; lastKnownFileType = sourcecode.c.h; path = "UIView+FFExtension.h"; sourceTree = "<group>"; };
		665E3C7C1BD12C7400282D71 /* UIView+FFExtension.m */ = {isa = PBXFileReference; fileEncoding = 4; lastKnownFileType = sourcecode.c.objc; path = "UIView+FFExtension.m"; sourceTree = "<group>"; };
		665E3C7D1BD12C7400282D71 /* Images.xcassets */ = {isa = PBXFileReference; lastKnownFileType = folder.assetcatalog; path = Images.xcassets; sourceTree = "<group>"; };
		665E3C801BD12C7400282D71 /* AppDelegate.h */ = {isa = PBXFileReference; fileEncoding = 4; lastKnownFileType = sourcecode.c.h; path = AppDelegate.h; sourceTree = "<group>"; };
		665E3C811BD12C7400282D71 /* AppDelegate.m */ = {isa = PBXFileReference; fileEncoding = 4; lastKnownFileType = sourcecode.c.objc; path = AppDelegate.m; sourceTree = "<group>"; };
		665E3C821BD12C7400282D71 /* main.m */ = {isa = PBXFileReference; fileEncoding = 4; lastKnownFileType = sourcecode.c.objc; path = main.m; sourceTree = "<group>"; };
		667124AB1BD4D0B40079C884 /* CinemaViewController.h */ = {isa = PBXFileReference; fileEncoding = 4; lastKnownFileType = sourcecode.c.h; path = CinemaViewController.h; sourceTree = "<group>"; };
		667124AC1BD4D0B40079C884 /* CinemaViewController.m */ = {isa = PBXFileReference; fileEncoding = 4; lastKnownFileType = sourcecode.c.objc; path = CinemaViewController.m; sourceTree = "<group>"; };
		667124AF1BD4D0C70079C884 /* MoreViewController.h */ = {isa = PBXFileReference; fileEncoding = 4; lastKnownFileType = sourcecode.c.h; path = MoreViewController.h; sourceTree = "<group>"; };
		667124B01BD4D0C70079C884 /* MoreViewController.m */ = {isa = PBXFileReference; fileEncoding = 4; lastKnownFileType = sourcecode.c.objc; path = MoreViewController.m; sourceTree = "<group>"; };
		667124B31BD4D0D00079C884 /* MovieViewController.h */ = {isa = PBXFileReference; fileEncoding = 4; lastKnownFileType = sourcecode.c.h; path = MovieViewController.h; sourceTree = "<group>"; };
		667124B41BD4D0D00079C884 /* MovieViewController.m */ = {isa = PBXFileReference; fileEncoding = 4; lastKnownFileType = sourcecode.c.objc; path = MovieViewController.m; sourceTree = "<group>"; };
		667124B71BD4D0D90079C884 /* NewsViewController.h */ = {isa = PBXFileReference; fileEncoding = 4; lastKnownFileType = sourcecode.c.h; path = NewsViewController.h; sourceTree = "<group>"; };
		667124B81BD4D0D90079C884 /* NewsViewController.m */ = {isa = PBXFileReference; fileEncoding = 4; lastKnownFileType = sourcecode.c.objc; path = NewsViewController.m; sourceTree = "<group>"; };
		667124BB1BD4D0E60079C884 /* Top250ViewController.h */ = {isa = PBXFileReference; fileEncoding = 4; lastKnownFileType = sourcecode.c.h; path = Top250ViewController.h; sourceTree = "<group>"; };
		667124BC1BD4D0E60079C884 /* Top250ViewController.m */ = {isa = PBXFileReference; fileEncoding = 4; lastKnownFileType = sourcecode.c.objc; path = Top250ViewController.m; sourceTree = "<group>"; };
		667124BF1BD4D1050079C884 /* CinemaModel.h */ = {isa = PBXFileReference; fileEncoding = 4; lastKnownFileType = sourcecode.c.h; path = CinemaModel.h; sourceTree = "<group>"; };
		667124C01BD4D1050079C884 /* CinemaModel.m */ = {isa = PBXFileReference; fileEncoding = 4; lastKnownFileType = sourcecode.c.objc; path = CinemaModel.m; sourceTree = "<group>"; };
		667124C31BD4D1100079C884 /* MoreModel.h */ = {isa = PBXFileReference; fileEncoding = 4; lastKnownFileType = sourcecode.c.h; path = MoreModel.h; sourceTree = "<group>"; };
		667124C41BD4D1100079C884 /* MoreModel.m */ = {isa = PBXFileReference; fileEncoding = 4; lastKnownFileType = sourcecode.c.objc; path = MoreModel.m; sourceTree = "<group>"; };
		667124C71BD4D1250079C884 /* MovieModel.h */ = {isa = PBXFileReference; fileEncoding = 4; lastKnownFileType = sourcecode.c.h; path = MovieModel.h; sourceTree = "<group>"; };
		667124C81BD4D1250079C884 /* MovieModel.m */ = {isa = PBXFileReference; fileEncoding = 4; lastKnownFileType = sourcecode.c.objc; path = MovieModel.m; sourceTree = "<group>"; };
		667124CB1BD4D12F0079C884 /* NewsModel.h */ = {isa = PBXFileReference; fileEncoding = 4; lastKnownFileType = sourcecode.c.h; path = NewsModel.h; sourceTree = "<group>"; };
		667124CC1BD4D12F0079C884 /* NewsModel.m */ = {isa = PBXFileReference; fileEncoding = 4; lastKnownFileType = sourcecode.c.objc; path = NewsModel.m; sourceTree = "<group>"; };
		667124CF1BD4D13C0079C884 /* Top250Model.h */ = {isa = PBXFileReference; fileEncoding = 4; lastKnownFileType = sourcecode.c.h; path = Top250Model.h; sourceTree = "<group>"; };
		667124D01BD4D13C0079C884 /* Top250Model.m */ = {isa = PBXFileReference; fileEncoding = 4; lastKnownFileType = sourcecode.c.objc; path = Top250Model.m; sourceTree = "<group>"; };
		667124D31BD4D18D0079C884 /* FFBaseTableViewCell.h */ = {isa = PBXFileReference; fileEncoding = 4; lastKnownFileType = sourcecode.c.h; path = FFBaseTableViewCell.h; sourceTree = "<group>"; };
		667124D41BD4D18D0079C884 /* FFBaseTableViewCell.m */ = {isa = PBXFileReference; fileEncoding = 4; lastKnownFileType = sourcecode.c.objc; path = FFBaseTableViewCell.m; sourceTree = "<group>"; };
		667124D71BD4D1AA0079C884 /* CinemaTableViewCell.h */ = {isa = PBXFileReference; fileEncoding = 4; lastKnownFileType = sourcecode.c.h; path = CinemaTableViewCell.h; sourceTree = "<group>"; };
		667124D81BD4D1AA0079C884 /* CinemaTableViewCell.m */ = {isa = PBXFileReference; fileEncoding = 4; lastKnownFileType = sourcecode.c.objc; path = CinemaTableViewCell.m; sourceTree = "<group>"; };
		667124DB1BD4D1BD0079C884 /* MoreTableViewCell.h */ = {isa = PBXFileReference; fileEncoding = 4; lastKnownFileType = sourcecode.c.h; path = MoreTableViewCell.h; sourceTree = "<group>"; };
		667124DC1BD4D1BD0079C884 /* MoreTableViewCell.m */ = {isa = PBXFileReference; fileEncoding = 4; lastKnownFileType = sourcecode.c.objc; path = MoreTableViewCell.m; sourceTree = "<group>"; };
		667124DF1BD4D1C90079C884 /* MovieTableViewCell.h */ = {isa = PBXFileReference; fileEncoding = 4; lastKnownFileType = sourcecode.c.h; path = MovieTableViewCell.h; sourceTree = "<group>"; };
		667124E01BD4D1C90079C884 /* MovieTableViewCell.m */ = {isa = PBXFileReference; fileEncoding = 4; lastKnownFileType = sourcecode.c.objc; path = MovieTableViewCell.m; sourceTree = "<group>"; };
		667124E31BD4D1DC0079C884 /* NewsTableViewCell.h */ = {isa = PBXFileReference; fileEncoding = 4; lastKnownFileType = sourcecode.c.h; path = NewsTableViewCell.h; sourceTree = "<group>"; };
		667124E41BD4D1DC0079C884 /* NewsTableViewCell.m */ = {isa = PBXFileReference; fileEncoding = 4; lastKnownFileType = sourcecode.c.objc; path = NewsTableViewCell.m; sourceTree = "<group>"; };
		667124E71BD4D1EB0079C884 /* Top250TableViewCell.h */ = {isa = PBXFileReference; fileEncoding = 4; lastKnownFileType = sourcecode.c.h; path = Top250TableViewCell.h; sourceTree = "<group>"; };
		667124E81BD4D1EB0079C884 /* Top250TableViewCell.m */ = {isa = PBXFileReference; fileEncoding = 4; lastKnownFileType = sourcecode.c.objc; path = Top250TableViewCell.m; sourceTree = "<group>"; };
		667124EC1BD4D26D0079C884 /* AFHTTPRequestOperation.h */ = {isa = PBXFileReference; fileEncoding = 4; lastKnownFileType = sourcecode.c.h; path = AFHTTPRequestOperation.h; sourceTree = "<group>"; };
		667124ED1BD4D26D0079C884 /* AFHTTPRequestOperation.m */ = {isa = PBXFileReference; fileEncoding = 4; lastKnownFileType = sourcecode.c.objc; path = AFHTTPRequestOperation.m; sourceTree = "<group>"; };
		667124EE1BD4D26D0079C884 /* AFHTTPRequestOperationManager.h */ = {isa = PBXFileReference; fileEncoding = 4; lastKnownFileType = sourcecode.c.h; path = AFHTTPRequestOperationManager.h; sourceTree = "<group>"; };
		667124EF1BD4D26D0079C884 /* AFHTTPRequestOperationManager.m */ = {isa = PBXFileReference; fileEncoding = 4; lastKnownFileType = sourcecode.c.objc; path = AFHTTPRequestOperationManager.m; sourceTree = "<group>"; };
		667124F01BD4D26D0079C884 /* AFHTTPSessionManager.h */ = {isa = PBXFileReference; fileEncoding = 4; lastKnownFileType = sourcecode.c.h; path = AFHTTPSessionManager.h; sourceTree = "<group>"; };
		667124F11BD4D26D0079C884 /* AFHTTPSessionManager.m */ = {isa = PBXFileReference; fileEncoding = 4; lastKnownFileType = sourcecode.c.objc; path = AFHTTPSessionManager.m; sourceTree = "<group>"; };
		667124F21BD4D26D0079C884 /* AFNetworking.h */ = {isa = PBXFileReference; fileEncoding = 4; lastKnownFileType = sourcecode.c.h; path = AFNetworking.h; sourceTree = "<group>"; };
		667124F31BD4D26D0079C884 /* AFNetworkReachabilityManager.h */ = {isa = PBXFileReference; fileEncoding = 4; lastKnownFileType = sourcecode.c.h; path = AFNetworkReachabilityManager.h; sourceTree = "<group>"; };
		667124F41BD4D26D0079C884 /* AFNetworkReachabilityManager.m */ = {isa = PBXFileReference; fileEncoding = 4; lastKnownFileType = sourcecode.c.objc; path = AFNetworkReachabilityManager.m; sourceTree = "<group>"; };
		667124F51BD4D26D0079C884 /* AFSecurityPolicy.h */ = {isa = PBXFileReference; fileEncoding = 4; lastKnownFileType = sourcecode.c.h; path = AFSecurityPolicy.h; sourceTree = "<group>"; };
		667124F61BD4D26D0079C884 /* AFSecurityPolicy.m */ = {isa = PBXFileReference; fileEncoding = 4; lastKnownFileType = sourcecode.c.objc; path = AFSecurityPolicy.m; sourceTree = "<group>"; };
		667124F71BD4D26D0079C884 /* AFURLConnectionOperation.h */ = {isa = PBXFileReference; fileEncoding = 4; lastKnownFileType = sourcecode.c.h; path = AFURLConnectionOperation.h; sourceTree = "<group>"; };
		667124F81BD4D26D0079C884 /* AFURLConnectionOperation.m */ = {isa = PBXFileReference; fileEncoding = 4; lastKnownFileType = sourcecode.c.objc; path = AFURLConnectionOperation.m; sourceTree = "<group>"; };
		667124F91BD4D26D0079C884 /* AFURLRequestSerialization.h */ = {isa = PBXFileReference; fileEncoding = 4; lastKnownFileType = sourcecode.c.h; path = AFURLRequestSerialization.h; sourceTree = "<group>"; };
		667124FA1BD4D26D0079C884 /* AFURLRequestSerialization.m */ = {isa = PBXFileReference; fileEncoding = 4; lastKnownFileType = sourcecode.c.objc; path = AFURLRequestSerialization.m; sourceTree = "<group>"; };
		667124FB1BD4D26D0079C884 /* AFURLResponseSerialization.h */ = {isa = PBXFileReference; fileEncoding = 4; lastKnownFileType = sourcecode.c.h; path = AFURLResponseSerialization.h; sourceTree = "<group>"; };
		667124FC1BD4D26D0079C884 /* AFURLResponseSerialization.m */ = {isa = PBXFileReference; fileEncoding = 4; lastKnownFileType = sourcecode.c.objc; path = AFURLResponseSerialization.m; sourceTree = "<group>"; };
		667124FD1BD4D26D0079C884 /* AFURLSessionManager.h */ = {isa = PBXFileReference; fileEncoding = 4; lastKnownFileType = sourcecode.c.h; path = AFURLSessionManager.h; sourceTree = "<group>"; };
		667124FE1BD4D26D0079C884 /* AFURLSessionManager.m */ = {isa = PBXFileReference; fileEncoding = 4; lastKnownFileType = sourcecode.c.objc; path = AFURLSessionManager.m; sourceTree = "<group>"; };
		667125111BD4D9E50079C884 /* FFBaseTabBarController.h */ = {isa = PBXFileReference; fileEncoding = 4; lastKnownFileType = sourcecode.c.h; path = FFBaseTabBarController.h; sourceTree = "<group>"; };
		667125121BD4D9E50079C884 /* FFBaseTabBarController.m */ = {isa = PBXFileReference; fileEncoding = 4; lastKnownFileType = sourcecode.c.objc; path = FFBaseTabBarController.m; sourceTree = "<group>"; };
		667125151BD4DA040079C884 /* FFBaseNavigationController.h */ = {isa = PBXFileReference; fileEncoding = 4; lastKnownFileType = sourcecode.c.h; path = FFBaseNavigationController.h; sourceTree = "<group>"; };
		667125161BD4DA040079C884 /* FFBaseNavigationController.m */ = {isa = PBXFileReference; fileEncoding = 4; lastKnownFileType = sourcecode.c.objc; path = FFBaseNavigationController.m; sourceTree = "<group>"; };
		667125191BD4DA390079C884 /* FFTabBarController.h */ = {isa = PBXFileReference; fileEncoding = 4; lastKnownFileType = sourcecode.c.h; path = FFTabBarController.h; sourceTree = "<group>"; };
		6671251A1BD4DA390079C884 /* FFTabBarController.m */ = {isa = PBXFileReference; fileEncoding = 4; lastKnownFileType = sourcecode.c.objc; path = FFTabBarController.m; sourceTree = "<group>"; };
		667125221BD4DD8C0079C884 /* UITabBar+FFExtension.h */ = {isa = PBXFileReference; fileEncoding = 4; lastKnownFileType = sourcecode.c.h; path = "UITabBar+FFExtension.h"; sourceTree = "<group>"; };
		667125231BD4DD8C0079C884 /* UITabBar+FFExtension.m */ = {isa = PBXFileReference; fileEncoding = 4; lastKnownFileType = sourcecode.c.objc; path = "UITabBar+FFExtension.m"; sourceTree = "<group>"; };
		667125261BD4E6630079C884 /* FFNavigationController.h */ = {isa = PBXFileReference; fileEncoding = 4; lastKnownFileType = sourcecode.c.h; path = FFNavigationController.h; sourceTree = "<group>"; };
		667125271BD4E6630079C884 /* FFNavigationController.m */ = {isa = PBXFileReference; fileEncoding = 4; lastKnownFileType = sourcecode.c.objc; path = FFNavigationController.m; sourceTree = "<group>"; };
		667125351BD4ECFD0079C884 /* FFImageUtils.h */ = {isa = PBXFileReference; fileEncoding = 4; lastKnownFileType = sourcecode.c.h; path = FFImageUtils.h; sourceTree = "<group>"; };
		667125361BD4ECFD0079C884 /* FFImageUtils.m */ = {isa = PBXFileReference; fileEncoding = 4; lastKnownFileType = sourcecode.c.objc; path = FFImageUtils.m; sourceTree = "<group>"; };
		66A80F471BD095BD0094CF29 /* FFMovie.app */ = {isa = PBXFileReference; explicitFileType = wrapper.application; includeInIndex = 0; path = FFMovie.app; sourceTree = BUILT_PRODUCTS_DIR; };
		66A80F601BD095BD0094CF29 /* FFMovieTests.xctest */ = {isa = PBXFileReference; explicitFileType = wrapper.cfbundle; includeInIndex = 0; path = FFMovieTests.xctest; sourceTree = BUILT_PRODUCTS_DIR; };
		66A80F651BD095BD0094CF29 /* Info.plist */ = {isa = PBXFileReference; lastKnownFileType = text.plist.xml; path = Info.plist; sourceTree = "<group>"; };
		66A80F661BD095BD0094CF29 /* FFMovieTests.m */ = {isa = PBXFileReference; lastKnownFileType = sourcecode.c.objc; path = FFMovieTests.m; sourceTree = "<group>"; };
		66A812F71BD4813B00D3086C /* Info.plist */ = {isa = PBXFileReference; fileEncoding = 4; lastKnownFileType = text.plist.xml; path = Info.plist; sourceTree = "<group>"; };
		66A812FB1BD49FAE00D3086C /* FFMovie-Prefix.pch */ = {isa = PBXFileReference; fileEncoding = 4; lastKnownFileType = sourcecode.c.h; path = "FFMovie-Prefix.pch"; sourceTree = "<group>"; };
		66A812FD1BD4AAE700D3086C /* FFBaseViewController.h */ = {isa = PBXFileReference; fileEncoding = 4; lastKnownFileType = sourcecode.c.h; path = FFBaseViewController.h; sourceTree = "<group>"; };
		66A812FE1BD4AAE700D3086C /* FFBaseViewController.m */ = {isa = PBXFileReference; fileEncoding = 4; lastKnownFileType = sourcecode.c.objc; path = FFBaseViewController.m; sourceTree = "<group>"; };
		66A813021BD4AAF300D3086C /* FFBaseModel.h */ = {isa = PBXFileReference; fileEncoding = 4; lastKnownFileType = sourcecode.c.h; path = FFBaseModel.h; sourceTree = "<group>"; };
		66A813031BD4AAF300D3086C /* FFBaseModel.m */ = {isa = PBXFileReference; fileEncoding = 4; lastKnownFileType = sourcecode.c.objc; path = FFBaseModel.m; sourceTree = "<group>"; };
		66A813071BD4AB0000D3086C /* FFBaseView.h */ = {isa = PBXFileReference; fileEncoding = 4; lastKnownFileType = sourcecode.c.h; path = FFBaseView.h; sourceTree = "<group>"; };
		66A813081BD4AB0000D3086C /* FFBaseView.m */ = {isa = PBXFileReference; fileEncoding = 4; lastKnownFileType = sourcecode.c.objc; path = FFBaseView.m; sourceTree = "<group>"; };
		66FF11331BD9C5520009BDBC /* FFItem.h */ = {isa = PBXFileReference; fileEncoding = 4; lastKnownFileType = sourcecode.c.h; path = FFItem.h; sourceTree = "<group>"; };
		66FF11341BD9C5520009BDBC /* FFItem.m */ = {isa = PBXFileReference; fileEncoding = 4; lastKnownFileType = sourcecode.c.objc; path = FFItem.m; sourceTree = "<group>"; };
		66FF11371BD9CF590009BDBC /* Delete@2x.png */ = {isa = PBXFileReference; lastKnownFileType = image.png; path = "Delete@2x.png"; sourceTree = "<group>"; };
		66FF113B1BD9D52A0009BDBC /* FFItemsMacro.h */ = {isa = PBXFileReference; fileEncoding = 4; lastKnownFileType = sourcecode.c.h; path = FFItemsMacro.h; sourceTree = "<group>"; };
/* End PBXFileReference section */

/* Begin PBXFrameworksBuildPhase section */
		66A80F441BD095BD0094CF29 /* Frameworks */ = {
			isa = PBXFrameworksBuildPhase;
			buildActionMask = 2147483647;
			files = (
			);
			runOnlyForDeploymentPostprocessing = 0;
		};
		66A80F5D1BD095BD0094CF29 /* Frameworks */ = {
			isa = PBXFrameworksBuildPhase;
			buildActionMask = 2147483647;
			files = (
			);
			runOnlyForDeploymentPostprocessing = 0;
		};
/* End PBXFrameworksBuildPhase section */

/* Begin PBXGroup section */
		660DD51E1BD61F0900DE1A90 /* FFSkinUtils */ = {
			isa = PBXGroup;
			children = (
				660DD51F1BD61F0900DE1A90 /* FFSkinUtils.h */,
				660DD5201BD61F0900DE1A90 /* FFSkinUtils.m */,
				660DD5211BD61F0900DE1A90 /* SkinConfig.plist */,
			);
			path = FFSkinUtils;
			sourceTree = "<group>";
		};
		660DD5221BD61F0900DE1A90 /* FFUserDefaultsUtils */ = {
			isa = PBXGroup;
			children = (
				660DD5231BD61F0900DE1A90 /* FFUserDefaultsUtils.h */,
				660DD5241BD61F0900DE1A90 /* FFUserDefaultsUtils.m */,
			);
			path = FFUserDefaultsUtils;
			sourceTree = "<group>";
		};
		6649DBC91BD8E68000909976 /* FFItemsScrollController */ = {
			isa = PBXGroup;
			children = (
				6649DBCA1BD8E68000909976 /* Arrow@2x.png */,
				66FF11371BD9CF590009BDBC /* Delete@2x.png */,
				66FF11331BD9C5520009BDBC /* FFItem.h */,
				66FF11341BD9C5520009BDBC /* FFItem.m */,
				6649DBCB1BD8E68000909976 /* FFItemsListScrollView.h */,
				6649DBCC1BD8E68000909976 /* FFItemsListScrollView.m */,
				66FF113B1BD9D52A0009BDBC /* FFItemsMacro.h */,
				6649DBCD1BD8E68000909976 /* FFItemsManageBar.h */,
				6649DBCE1BD8E68000909976 /* FFItemsManageBar.m */,
				6649DBCF1BD8E68000909976 /* FFItemsScrollBar.h */,
				6649DBD01BD8E68000909976 /* FFItemsScrollBar.m */,
				6649DBD11BD8E68000909976 /* FFItemsScrollController.h */,
				6649DBD21BD8E68000909976 /* FFItemsScrollController.m */,
			);
			path = FFItemsScrollController;
			sourceTree = "<group>";
		};
		665E3C5C1BD12C7400282D71 /* FFMovie */ = {
			isa = PBXGroup;
			children = (
				665E3C5D1BD12C7400282D71 /* Business(业务) */,
				665E3C791BD12C7400282D71 /* Expand(拓展) */,
				665E3C7D1BD12C7400282D71 /* Images.xcassets */,
				665E3C7F1BD12C7400282D71 /* Other(其他) */,
				66A812BF1BD47B0000D3086C /* Resource(资源) */,
				66A812F61BD480E100D3086C /* Supporting Files */,
				665E3C831BD12C7400282D71 /* Vender(第三方) */,
			);
			path = FFMovie;
			sourceTree = "<group>";
		};
		665E3C5D1BD12C7400282D71 /* Business(业务) */ = {
			isa = PBXGroup;
			children = (
				665E3C5E1BD12C7400282D71 /* Controller(控制器) */,
				665E3C671BD12C7400282D71 /* Model(模型) */,
				665E3C701BD12C7400282D71 /* View(视图) */,
			);
			path = "Business(业务)";
			sourceTree = "<group>";
		};
		665E3C5E1BD12C7400282D71 /* Controller(控制器) */ = {
			isa = PBXGroup;
			children = (
				66A8130B1BD4AC5300D3086C /* Cinema(影院) */,
				66A8130C1BD4AC5300D3086C /* More(更多) */,
				66A8130D1BD4AC5300D3086C /* Movie(电影) */,
				66A8130E1BD4AC5300D3086C /* News(新闻) */,
				66A8130F1BD4AC5300D3086C /* Top250(影片推荐) */,
				66A812FC1BD4AAE700D3086C /* Other(其他) */,
			);
			path = "Controller(控制器)";
			sourceTree = "<group>";
		};
		665E3C671BD12C7400282D71 /* Model(模型) */ = {
			isa = PBXGroup;
			children = (
				66A813101BD4AC6000D3086C /* Cinema(影院) */,
				66A813111BD4AC6000D3086C /* More(更多) */,
				66A813121BD4AC6000D3086C /* Movie(电影) */,
				66A813131BD4AC6000D3086C /* News(新闻) */,
				66A813011BD4AAF300D3086C /* Other(其他) */,
				66A813141BD4AC6000D3086C /* Top250(影片推荐) */,
			);
			path = "Model(模型)";
			sourceTree = "<group>";
		};
		665E3C701BD12C7400282D71 /* View(视图) */ = {
			isa = PBXGroup;
			children = (
				66A813151BD4AC6A00D3086C /* Cinema(影院) */,
				66A813161BD4AC6A00D3086C /* More(更多) */,
				66A813171BD4AC6A00D3086C /* Movie(电影) */,
				66A813181BD4AC6A00D3086C /* News(新闻) */,
				66A813061BD4AB0000D3086C /* Other(其他) */,
				66A813191BD4AC6A00D3086C /* Top250(影片推荐) */,
			);
			path = "View(视图)";
			sourceTree = "<group>";
		};
		665E3C791BD12C7400282D71 /* Expand(拓展) */ = {
			isa = PBXGroup;
			children = (
				6671251D1BD4DD280079C884 /* UITabBar+FFExtension */,
				665E3C7A1BD12C7400282D71 /* UIView+FFExtension */,
			);
			path = "Expand(拓展)";
			sourceTree = "<group>";
		};
		665E3C7A1BD12C7400282D71 /* UIView+FFExtension */ = {
			isa = PBXGroup;
			children = (
				665E3C7B1BD12C7400282D71 /* UIView+FFExtension.h */,
				665E3C7C1BD12C7400282D71 /* UIView+FFExtension.m */,
			);
			path = "UIView+FFExtension";
			sourceTree = "<group>";
		};
		665E3C7F1BD12C7400282D71 /* Other(其他) */ = {
			isa = PBXGroup;
			children = (
				665E3C801BD12C7400282D71 /* AppDelegate.h */,
				665E3C811BD12C7400282D71 /* AppDelegate.m */,
				665E3C821BD12C7400282D71 /* main.m */,
				66A812FB1BD49FAE00D3086C /* FFMovie-Prefix.pch */,
			);
			path = "Other(其他)";
			sourceTree = "<group>";
		};
		665E3C831BD12C7400282D71 /* Vender(第三方) */ = {
			isa = PBXGroup;
			children = (
				667124EB1BD4D26D0079C884 /* AFNetworking */,
				667125341BD4ECBA0079C884 /* FFImageUtils */,
				6649DBC91BD8E68000909976 /* FFItemsScrollController */,
				660DD51E1BD61F0900DE1A90 /* FFSkinUtils */,
				660DD5221BD61F0900DE1A90 /* FFUserDefaultsUtils */,
			);
			path = "Vender(第三方)";
			sourceTree = "<group>";
		};
		667124EB1BD4D26D0079C884 /* AFNetworking */ = {
			isa = PBXGroup;
			children = (
				667124EC1BD4D26D0079C884 /* AFHTTPRequestOperation.h */,
				667124ED1BD4D26D0079C884 /* AFHTTPRequestOperation.m */,
				667124EE1BD4D26D0079C884 /* AFHTTPRequestOperationManager.h */,
				667124EF1BD4D26D0079C884 /* AFHTTPRequestOperationManager.m */,
				667124F01BD4D26D0079C884 /* AFHTTPSessionManager.h */,
				667124F11BD4D26D0079C884 /* AFHTTPSessionManager.m */,
				667124F21BD4D26D0079C884 /* AFNetworking.h */,
				667124F31BD4D26D0079C884 /* AFNetworkReachabilityManager.h */,
				667124F41BD4D26D0079C884 /* AFNetworkReachabilityManager.m */,
				667124F51BD4D26D0079C884 /* AFSecurityPolicy.h */,
				667124F61BD4D26D0079C884 /* AFSecurityPolicy.m */,
				667124F71BD4D26D0079C884 /* AFURLConnectionOperation.h */,
				667124F81BD4D26D0079C884 /* AFURLConnectionOperation.m */,
				667124F91BD4D26D0079C884 /* AFURLRequestSerialization.h */,
				667124FA1BD4D26D0079C884 /* AFURLRequestSerialization.m */,
				667124FB1BD4D26D0079C884 /* AFURLResponseSerialization.h */,
				667124FC1BD4D26D0079C884 /* AFURLResponseSerialization.m */,
				667124FD1BD4D26D0079C884 /* AFURLSessionManager.h */,
				667124FE1BD4D26D0079C884 /* AFURLSessionManager.m */,
			);
			path = AFNetworking;
			sourceTree = "<group>";
		};
		6671251D1BD4DD280079C884 /* UITabBar+FFExtension */ = {
			isa = PBXGroup;
			children = (
				667125221BD4DD8C0079C884 /* UITabBar+FFExtension.h */,
				667125231BD4DD8C0079C884 /* UITabBar+FFExtension.m */,
			);
			name = "UITabBar+FFExtension";
			path = "UITabBar+YTExtension";
			sourceTree = "<group>";
		};
		667125341BD4ECBA0079C884 /* FFImageUtils */ = {
			isa = PBXGroup;
			children = (
				667125351BD4ECFD0079C884 /* FFImageUtils.h */,
				667125361BD4ECFD0079C884 /* FFImageUtils.m */,
			);
			path = FFImageUtils;
			sourceTree = "<group>";
		};
		66A80F3E1BD095BD0094CF29 = {
			isa = PBXGroup;
			children = (
				665E3C5C1BD12C7400282D71 /* FFMovie */,
				66A80F631BD095BD0094CF29 /* FFMovieTests */,
				66A80F481BD095BD0094CF29 /* Products */,
			);
			sourceTree = "<group>";
		};
		66A80F481BD095BD0094CF29 /* Products */ = {
			isa = PBXGroup;
			children = (
				66A80F471BD095BD0094CF29 /* FFMovie.app */,
				66A80F601BD095BD0094CF29 /* FFMovieTests.xctest */,
			);
			name = Products;
			sourceTree = "<group>";
		};
		66A80F631BD095BD0094CF29 /* FFMovieTests */ = {
			isa = PBXGroup;
			children = (
				66A80F661BD095BD0094CF29 /* FFMovieTests.m */,
				66A80F641BD095BD0094CF29 /* Supporting Files */,
			);
			path = FFMovieTests;
			sourceTree = "<group>";
		};
		66A80F641BD095BD0094CF29 /* Supporting Files */ = {
			isa = PBXGroup;
			children = (
				66A80F651BD095BD0094CF29 /* Info.plist */,
			);
			name = "Supporting Files";
			sourceTree = "<group>";
		};
		66A812BF1BD47B0000D3086C /* Resource(资源) */ = {
			isa = PBXGroup;
			children = (
				660DD50F1BD5E44F00DE1A90 /* Skin */,
			);
			path = "Resource(资源)";
			sourceTree = "<group>";
		};
		66A812F61BD480E100D3086C /* Supporting Files */ = {
			isa = PBXGroup;
			children = (
				66A812F71BD4813B00D3086C /* Info.plist */,
			);
			name = "Supporting Files";
			sourceTree = "<group>";
		};
		66A812FC1BD4AAE700D3086C /* Other(其他) */ = {
			isa = PBXGroup;
			children = (
				667125151BD4DA040079C884 /* FFBaseNavigationController.h */,
				667125161BD4DA040079C884 /* FFBaseNavigationController.m */,
				667125111BD4D9E50079C884 /* FFBaseTabBarController.h */,
				667125121BD4D9E50079C884 /* FFBaseTabBarController.m */,
				66A812FD1BD4AAE700D3086C /* FFBaseViewController.h */,
				66A812FE1BD4AAE700D3086C /* FFBaseViewController.m */,
				667125261BD4E6630079C884 /* FFNavigationController.h */,
				667125271BD4E6630079C884 /* FFNavigationController.m */,
				667125191BD4DA390079C884 /* FFTabBarController.h */,
				6671251A1BD4DA390079C884 /* FFTabBarController.m */,
			);
			path = "Other(其他)";
			sourceTree = "<group>";
		};
		66A813011BD4AAF300D3086C /* Other(其他) */ = {
			isa = PBXGroup;
			children = (
				66A813021BD4AAF300D3086C /* FFBaseModel.h */,
				66A813031BD4AAF300D3086C /* FFBaseModel.m */,
			);
			path = "Other(其他)";
			sourceTree = "<group>";
		};
		66A813061BD4AB0000D3086C /* Other(其他) */ = {
			isa = PBXGroup;
			children = (
				66A813071BD4AB0000D3086C /* FFBaseView.h */,
				66A813081BD4AB0000D3086C /* FFBaseView.m */,
				667124D31BD4D18D0079C884 /* FFBaseTableViewCell.h */,
				667124D41BD4D18D0079C884 /* FFBaseTableViewCell.m */,
			);
			path = "Other(其他)";
			sourceTree = "<group>";
		};
		66A8130B1BD4AC5300D3086C /* Cinema(影院) */ = {
			isa = PBXGroup;
			children = (
				667124AB1BD4D0B40079C884 /* CinemaViewController.h */,
				667124AC1BD4D0B40079C884 /* CinemaViewController.m */,
			);
			path = "Cinema(影院)";
			sourceTree = "<group>";
		};
		66A8130C1BD4AC5300D3086C /* More(更多) */ = {
			isa = PBXGroup;
			children = (
				667124AF1BD4D0C70079C884 /* MoreViewController.h */,
				667124B01BD4D0C70079C884 /* MoreViewController.m */,
			);
			path = "More(更多)";
			sourceTree = "<group>";
		};
		66A8130D1BD4AC5300D3086C /* Movie(电影) */ = {
			isa = PBXGroup;
			children = (
				667124B31BD4D0D00079C884 /* MovieViewController.h */,
				667124B41BD4D0D00079C884 /* MovieViewController.m */,
			);
			path = "Movie(电影)";
			sourceTree = "<group>";
		};
		66A8130E1BD4AC5300D3086C /* News(新闻) */ = {
			isa = PBXGroup;
			children = (
				667124B71BD4D0D90079C884 /* NewsViewController.h */,
				667124B81BD4D0D90079C884 /* NewsViewController.m */,
			);
			path = "News(新闻)";
			sourceTree = "<group>";
		};
		66A8130F1BD4AC5300D3086C /* Top250(影片推荐) */ = {
			isa = PBXGroup;
			children = (
				667124BB1BD4D0E60079C884 /* Top250ViewController.h */,
				667124BC1BD4D0E60079C884 /* Top250ViewController.m */,
			);
			path = "Top250(影片推荐)";
			sourceTree = "<group>";
		};
		66A813101BD4AC6000D3086C /* Cinema(影院) */ = {
			isa = PBXGroup;
			children = (
				667124BF1BD4D1050079C884 /* CinemaModel.h */,
				667124C01BD4D1050079C884 /* CinemaModel.m */,
			);
			path = "Cinema(影院)";
			sourceTree = "<group>";
		};
		66A813111BD4AC6000D3086C /* More(更多) */ = {
			isa = PBXGroup;
			children = (
				667124C31BD4D1100079C884 /* MoreModel.h */,
				667124C41BD4D1100079C884 /* MoreModel.m */,
			);
			path = "More(更多)";
			sourceTree = "<group>";
		};
		66A813121BD4AC6000D3086C /* Movie(电影) */ = {
			isa = PBXGroup;
			children = (
				667124C71BD4D1250079C884 /* MovieModel.h */,
				667124C81BD4D1250079C884 /* MovieModel.m */,
			);
			path = "Movie(电影)";
			sourceTree = "<group>";
		};
		66A813131BD4AC6000D3086C /* News(新闻) */ = {
			isa = PBXGroup;
			children = (
				667124CB1BD4D12F0079C884 /* NewsModel.h */,
				667124CC1BD4D12F0079C884 /* NewsModel.m */,
			);
			path = "News(新闻)";
			sourceTree = "<group>";
		};
		66A813141BD4AC6000D3086C /* Top250(影片推荐) */ = {
			isa = PBXGroup;
			children = (
				667124CF1BD4D13C0079C884 /* Top250Model.h */,
				667124D01BD4D13C0079C884 /* Top250Model.m */,
			);
			path = "Top250(影片推荐)";
			sourceTree = "<group>";
		};
		66A813151BD4AC6A00D3086C /* Cinema(影院) */ = {
			isa = PBXGroup;
			children = (
				667124D71BD4D1AA0079C884 /* CinemaTableViewCell.h */,
				667124D81BD4D1AA0079C884 /* CinemaTableViewCell.m */,
			);
			path = "Cinema(影院)";
			sourceTree = "<group>";
		};
		66A813161BD4AC6A00D3086C /* More(更多) */ = {
			isa = PBXGroup;
			children = (
				667124DB1BD4D1BD0079C884 /* MoreTableViewCell.h */,
				667124DC1BD4D1BD0079C884 /* MoreTableViewCell.m */,
			);
			path = "More(更多)";
			sourceTree = "<group>";
		};
		66A813171BD4AC6A00D3086C /* Movie(电影) */ = {
			isa = PBXGroup;
			children = (
				667124DF1BD4D1C90079C884 /* MovieTableViewCell.h */,
				667124E01BD4D1C90079C884 /* MovieTableViewCell.m */,
			);
			path = "Movie(电影)";
			sourceTree = "<group>";
		};
		66A813181BD4AC6A00D3086C /* News(新闻) */ = {
			isa = PBXGroup;
			children = (
				667124E31BD4D1DC0079C884 /* NewsTableViewCell.h */,
				667124E41BD4D1DC0079C884 /* NewsTableViewCell.m */,
			);
			path = "News(新闻)";
			sourceTree = "<group>";
		};
		66A813191BD4AC6A00D3086C /* Top250(影片推荐) */ = {
			isa = PBXGroup;
			children = (
				667124E71BD4D1EB0079C884 /* Top250TableViewCell.h */,
				667124E81BD4D1EB0079C884 /* Top250TableViewCell.m */,
			);
			path = "Top250(影片推荐)";
			sourceTree = "<group>";
		};
/* End PBXGroup section */

/* Begin PBXNativeTarget section */
		66A80F461BD095BD0094CF29 /* FFMovie */ = {
			isa = PBXNativeTarget;
			buildConfigurationList = 66A80F6A1BD095BD0094CF29 /* Build configuration list for PBXNativeTarget "FFMovie" */;
			buildPhases = (
				66A80F431BD095BD0094CF29 /* Sources */,
				66A80F441BD095BD0094CF29 /* Frameworks */,
				66A80F451BD095BD0094CF29 /* Resources */,
			);
			buildRules = (
			);
			dependencies = (
			);
			name = FFMovie;
			productName = FFMovie;
			productReference = 66A80F471BD095BD0094CF29 /* FFMovie.app */;
			productType = "com.apple.product-type.application";
		};
		66A80F5F1BD095BD0094CF29 /* FFMovieTests */ = {
			isa = PBXNativeTarget;
			buildConfigurationList = 66A80F6D1BD095BD0094CF29 /* Build configuration list for PBXNativeTarget "FFMovieTests" */;
			buildPhases = (
				66A80F5C1BD095BD0094CF29 /* Sources */,
				66A80F5D1BD095BD0094CF29 /* Frameworks */,
				66A80F5E1BD095BD0094CF29 /* Resources */,
			);
			buildRules = (
			);
			dependencies = (
				66A80F621BD095BD0094CF29 /* PBXTargetDependency */,
			);
			name = FFMovieTests;
			productName = FFMovieTests;
			productReference = 66A80F601BD095BD0094CF29 /* FFMovieTests.xctest */;
			productType = "com.apple.product-type.bundle.unit-test";
		};
/* End PBXNativeTarget section */

/* Begin PBXProject section */
		66A80F3F1BD095BD0094CF29 /* Project object */ = {
			isa = PBXProject;
			attributes = {
				LastUpgradeCheck = 0700;
				ORGANIZATIONNAME = Yakov;
				TargetAttributes = {
					66A80F461BD095BD0094CF29 = {
						CreatedOnToolsVersion = 6.4;
					};
					66A80F5F1BD095BD0094CF29 = {
						CreatedOnToolsVersion = 6.4;
						TestTargetID = 66A80F461BD095BD0094CF29;
					};
				};
			};
			buildConfigurationList = 66A80F421BD095BD0094CF29 /* Build configuration list for PBXProject "FFMovie" */;
			compatibilityVersion = "Xcode 3.2";
			developmentRegion = English;
			hasScannedForEncodings = 0;
			knownRegions = (
				en,
				Base,
			);
			mainGroup = 66A80F3E1BD095BD0094CF29;
			productRefGroup = 66A80F481BD095BD0094CF29 /* Products */;
			projectDirPath = "";
			projectRoot = "";
			targets = (
				66A80F461BD095BD0094CF29 /* FFMovie */,
				66A80F5F1BD095BD0094CF29 /* FFMovieTests */,
			);
		};
/* End PBXProject section */

/* Begin PBXResourcesBuildPhase section */
		66A80F451BD095BD0094CF29 /* Resources */ = {
			isa = PBXResourcesBuildPhase;
			buildActionMask = 2147483647;
			files = (
				6649DBD31BD8E68000909976 /* Arrow@2x.png in Resources */,
				660DD5271BD61F0900DE1A90 /* SkinConfig.plist in Resources */,
				665E3C8C1BD12C7400282D71 /* Images.xcassets in Resources */,
				66FF11381BD9CF590009BDBC /* Delete@2x.png in Resources */,
				660DD5101BD5E44F00DE1A90 /* Skin in Resources */,
			);
			runOnlyForDeploymentPostprocessing = 0;
		};
		66A80F5E1BD095BD0094CF29 /* Resources */ = {
			isa = PBXResourcesBuildPhase;
			buildActionMask = 2147483647;
			files = (
				6649DBD41BD8E68000909976 /* Arrow@2x.png in Resources */,
				660DD5281BD61F0900DE1A90 /* SkinConfig.plist in Resources */,
				66A812F91BD4813B00D3086C /* Info.plist in Resources */,
				66FF11391BD9CF590009BDBC /* Delete@2x.png in Resources */,
				665E3C8D1BD12C7400282D71 /* Images.xcassets in Resources */,
			);
			runOnlyForDeploymentPostprocessing = 0;
		};
/* End PBXResourcesBuildPhase section */

/* Begin PBXSourcesBuildPhase section */
		66A80F431BD095BD0094CF29 /* Sources */ = {
			isa = PBXSourcesBuildPhase;
			buildActionMask = 2147483647;
			files = (
				667125091BD4D26D0079C884 /* AFURLConnectionOperation.m in Sources */,
				66A813041BD4AAF300D3086C /* FFBaseModel.m in Sources */,
				667125241BD4DD8C0079C884 /* UITabBar+FFExtension.m in Sources */,
				667124B51BD4D0D00079C884 /* MovieViewController.m in Sources */,
				667124FF1BD4D26D0079C884 /* AFHTTPRequestOperation.m in Sources */,
				6671250D1BD4D26D0079C884 /* AFURLResponseSerialization.m in Sources */,
				667124C91BD4D1250079C884 /* MovieModel.m in Sources */,
				667124D11BD4D13C0079C884 /* Top250Model.m in Sources */,
				660DD5291BD61F0900DE1A90 /* FFUserDefaultsUtils.m in Sources */,
				667124B11BD4D0C70079C884 /* MoreViewController.m in Sources */,
				665E3C8A1BD12C7400282D71 /* UIView+FFExtension.m in Sources */,
				667124AD1BD4D0B40079C884 /* CinemaViewController.m in Sources */,
				667125131BD4D9E50079C884 /* FFBaseTabBarController.m in Sources */,
				66A812FF1BD4AAE700D3086C /* FFBaseViewController.m in Sources */,
				6649DBD51BD8E68000909976 /* FFItemsListScrollView.m in Sources */,
				6671251B1BD4DA390079C884 /* FFTabBarController.m in Sources */,
				667125371BD4ECFD0079C884 /* FFImageUtils.m in Sources */,
				665E3C921BD12C7400282D71 /* main.m in Sources */,
				667125071BD4D26D0079C884 /* AFSecurityPolicy.m in Sources */,
				6671250F1BD4D26D0079C884 /* AFURLSessionManager.m in Sources */,
				667124B91BD4D0D90079C884 /* NewsViewController.m in Sources */,
				667124D91BD4D1AA0079C884 /* CinemaTableViewCell.m in Sources */,
				66FF11351BD9C5520009BDBC /* FFItem.m in Sources */,
				667125031BD4D26D0079C884 /* AFHTTPSessionManager.m in Sources */,
				667124E91BD4D1EB0079C884 /* Top250TableViewCell.m in Sources */,
				667125051BD4D26D0079C884 /* AFNetworkReachabilityManager.m in Sources */,
				66A813091BD4AB0000D3086C /* FFBaseView.m in Sources */,
				6649DBD71BD8E68000909976 /* FFItemsManageBar.m in Sources */,
				6649DBDB1BD8E68000909976 /* FFItemsScrollController.m in Sources */,
				660DD5251BD61F0900DE1A90 /* FFSkinUtils.m in Sources */,
				667125281BD4E6630079C884 /* FFNavigationController.m in Sources */,
				667125011BD4D26D0079C884 /* AFHTTPRequestOperationManager.m in Sources */,
				6671250B1BD4D26D0079C884 /* AFURLRequestSerialization.m in Sources */,
				667124CD1BD4D12F0079C884 /* NewsModel.m in Sources */,
				667124D51BD4D18D0079C884 /* FFBaseTableViewCell.m in Sources */,
				665E3C901BD12C7400282D71 /* AppDelegate.m in Sources */,
				667124C11BD4D1050079C884 /* CinemaModel.m in Sources */,
				667124BD1BD4D0E60079C884 /* Top250ViewController.m in Sources */,
				667125171BD4DA040079C884 /* FFBaseNavigationController.m in Sources */,
				667124C51BD4D1100079C884 /* MoreModel.m in Sources */,
				667124E11BD4D1C90079C884 /* MovieTableViewCell.m in Sources */,
				6649DBD91BD8E68000909976 /* FFItemsScrollBar.m in Sources */,
				667124DD1BD4D1BD0079C884 /* MoreTableViewCell.m in Sources */,
				667124E51BD4D1DC0079C884 /* NewsTableViewCell.m in Sources */,
			);
			runOnlyForDeploymentPostprocessing = 0;
		};
		66A80F5C1BD095BD0094CF29 /* Sources */ = {
			isa = PBXSourcesBuildPhase;
			buildActionMask = 2147483647;
			files = (
				667125081BD4D26D0079C884 /* AFSecurityPolicy.m in Sources */,
				66A80F671BD095BD0094CF29 /* FFMovieTests.m in Sources */,
				667124E21BD4D1C90079C884 /* MovieTableViewCell.m in Sources */,
				6649DBD81BD8E68000909976 /* FFItemsManageBar.m in Sources */,
				667124D21BD4D13C0079C884 /* Top250Model.m in Sources */,
				667124C21BD4D1050079C884 /* CinemaModel.m in Sources */,
				6671250A1BD4D26D0079C884 /* AFURLConnectionOperation.m in Sources */,
				667124B61BD4D0D00079C884 /* MovieViewController.m in Sources */,
				665E3C911BD12C7400282D71 /* AppDelegate.m in Sources */,
				6649DBDC1BD8E68000909976 /* FFItemsScrollController.m in Sources */,
				667124CE1BD4D12F0079C884 /* NewsModel.m in Sources */,
				667125101BD4D26D0079C884 /* AFURLSessionManager.m in Sources */,
				667124C61BD4D1100079C884 /* MoreModel.m in Sources */,
				667125381BD4ECFD0079C884 /* FFImageUtils.m in Sources */,
				667125251BD4DD8C0079C884 /* UITabBar+FFExtension.m in Sources */,
				667124E61BD4D1DC0079C884 /* NewsTableViewCell.m in Sources */,
				660DD5261BD61F0900DE1A90 /* FFSkinUtils.m in Sources */,
				667125141BD4D9E50079C884 /* FFBaseTabBarController.m in Sources */,
				665E3C8B1BD12C7400282D71 /* UIView+FFExtension.m in Sources */,
				66A813051BD4AAF300D3086C /* FFBaseModel.m in Sources */,
				667124BA1BD4D0D90079C884 /* NewsViewController.m in Sources */,
				6671250E1BD4D26D0079C884 /* AFURLResponseSerialization.m in Sources */,
				667125021BD4D26D0079C884 /* AFHTTPRequestOperationManager.m in Sources */,
				667125001BD4D26D0079C884 /* AFHTTPRequestOperation.m in Sources */,
				667124BE1BD4D0E60079C884 /* Top250ViewController.m in Sources */,
				667124DA1BD4D1AA0079C884 /* CinemaTableViewCell.m in Sources */,
				667124DE1BD4D1BD0079C884 /* MoreTableViewCell.m in Sources */,
				667124B21BD4D0C70079C884 /* MoreViewController.m in Sources */,
				665E3C931BD12C7400282D71 /* main.m in Sources */,
				6649DBD61BD8E68000909976 /* FFItemsListScrollView.m in Sources */,
				667125061BD4D26D0079C884 /* AFNetworkReachabilityManager.m in Sources */,
				667125291BD4E6630079C884 /* FFNavigationController.m in Sources */,
				667124AE1BD4D0B40079C884 /* CinemaViewController.m in Sources */,
				667124D61BD4D18D0079C884 /* FFBaseTableViewCell.m in Sources */,
				66A813001BD4AAE700D3086C /* FFBaseViewController.m in Sources */,
				667124EA1BD4D1EB0079C884 /* Top250TableViewCell.m in Sources */,
				6671251C1BD4DA390079C884 /* FFTabBarController.m in Sources */,
				667124CA1BD4D1250079C884 /* MovieModel.m in Sources */,
				667125181BD4DA040079C884 /* FFBaseNavigationController.m in Sources */,
				66FF11361BD9C5520009BDBC /* FFItem.m in Sources */,
				6671250C1BD4D26D0079C884 /* AFURLRequestSerialization.m in Sources */,
				660DD52A1BD61F0900DE1A90 /* FFUserDefaultsUtils.m in Sources */,
				6649DBDA1BD8E68000909976 /* FFItemsScrollBar.m in Sources */,
				66A8130A1BD4AB0000D3086C /* FFBaseView.m in Sources */,
				667125041BD4D26D0079C884 /* AFHTTPSessionManager.m in Sources */,
			);
			runOnlyForDeploymentPostprocessing = 0;
		};
/* End PBXSourcesBuildPhase section */

/* Begin PBXTargetDependency section */
		66A80F621BD095BD0094CF29 /* PBXTargetDependency */ = {
			isa = PBXTargetDependency;
			target = 66A80F461BD095BD0094CF29 /* FFMovie */;
			targetProxy = 66A80F611BD095BD0094CF29 /* PBXContainerItemProxy */;
		};
/* End PBXTargetDependency section */

/* Begin XCBuildConfiguration section */
		66A80F681BD095BD0094CF29 /* Debug */ = {
			isa = XCBuildConfiguration;
			buildSettings = {
				ALWAYS_SEARCH_USER_PATHS = NO;
				CLANG_CXX_LANGUAGE_STANDARD = "gnu++0x";
				CLANG_CXX_LIBRARY = "libc++";
				CLANG_ENABLE_MODULES = YES;
				CLANG_ENABLE_OBJC_ARC = YES;
				CLANG_WARN_BOOL_CONVERSION = YES;
				CLANG_WARN_CONSTANT_CONVERSION = YES;
				CLANG_WARN_DIRECT_OBJC_ISA_USAGE = YES_ERROR;
				CLANG_WARN_EMPTY_BODY = YES;
				CLANG_WARN_ENUM_CONVERSION = YES;
				CLANG_WARN_INT_CONVERSION = YES;
				CLANG_WARN_OBJC_ROOT_CLASS = YES_ERROR;
				CLANG_WARN_UNREACHABLE_CODE = YES;
				CLANG_WARN__DUPLICATE_METHOD_MATCH = YES;
				"CODE_SIGN_IDENTITY[sdk=iphoneos*]" = "iPhone Developer";
				COPY_PHASE_STRIP = NO;
				DEBUG_INFORMATION_FORMAT = "dwarf-with-dsym";
				ENABLE_STRICT_OBJC_MSGSEND = YES;
				ENABLE_TESTABILITY = YES;
				GCC_C_LANGUAGE_STANDARD = gnu99;
				GCC_DYNAMIC_NO_PIC = NO;
				GCC_NO_COMMON_BLOCKS = YES;
				GCC_OPTIMIZATION_LEVEL = 0;
				GCC_PREPROCESSOR_DEFINITIONS = (
					"DEBUG=1",
					"$(inherited)",
				);
				GCC_SYMBOLS_PRIVATE_EXTERN = NO;
				GCC_WARN_64_TO_32_BIT_CONVERSION = YES;
				GCC_WARN_ABOUT_RETURN_TYPE = YES_ERROR;
				GCC_WARN_UNDECLARED_SELECTOR = YES;
				GCC_WARN_UNINITIALIZED_AUTOS = YES_AGGRESSIVE;
				GCC_WARN_UNUSED_FUNCTION = YES;
				GCC_WARN_UNUSED_VARIABLE = YES;
				IPHONEOS_DEPLOYMENT_TARGET = 8.4;
				MTL_ENABLE_DEBUG_INFO = YES;
				ONLY_ACTIVE_ARCH = YES;
				SDKROOT = iphoneos;
			};
			name = Debug;
		};
		66A80F691BD095BD0094CF29 /* Release */ = {
			isa = XCBuildConfiguration;
			buildSettings = {
				ALWAYS_SEARCH_USER_PATHS = NO;
				CLANG_CXX_LANGUAGE_STANDARD = "gnu++0x";
				CLANG_CXX_LIBRARY = "libc++";
				CLANG_ENABLE_MODULES = YES;
				CLANG_ENABLE_OBJC_ARC = YES;
				CLANG_WARN_BOOL_CONVERSION = YES;
				CLANG_WARN_CONSTANT_CONVERSION = YES;
				CLANG_WARN_DIRECT_OBJC_ISA_USAGE = YES_ERROR;
				CLANG_WARN_EMPTY_BODY = YES;
				CLANG_WARN_ENUM_CONVERSION = YES;
				CLANG_WARN_INT_CONVERSION = YES;
				CLANG_WARN_OBJC_ROOT_CLASS = YES_ERROR;
				CLANG_WARN_UNREACHABLE_CODE = YES;
				CLANG_WARN__DUPLICATE_METHOD_MATCH = YES;
				"CODE_SIGN_IDENTITY[sdk=iphoneos*]" = "iPhone Developer";
				COPY_PHASE_STRIP = NO;
				DEBUG_INFORMATION_FORMAT = "dwarf-with-dsym";
				ENABLE_NS_ASSERTIONS = NO;
				ENABLE_STRICT_OBJC_MSGSEND = YES;
				GCC_C_LANGUAGE_STANDARD = gnu99;
				GCC_NO_COMMON_BLOCKS = YES;
				GCC_WARN_64_TO_32_BIT_CONVERSION = YES;
				GCC_WARN_ABOUT_RETURN_TYPE = YES_ERROR;
				GCC_WARN_UNDECLARED_SELECTOR = YES;
				GCC_WARN_UNINITIALIZED_AUTOS = YES_AGGRESSIVE;
				GCC_WARN_UNUSED_FUNCTION = YES;
				GCC_WARN_UNUSED_VARIABLE = YES;
				IPHONEOS_DEPLOYMENT_TARGET = 8.4;
				MTL_ENABLE_DEBUG_INFO = NO;
				SDKROOT = iphoneos;
				VALIDATE_PRODUCT = YES;
			};
			name = Release;
		};
		66A80F6B1BD095BD0094CF29 /* Debug */ = {
			isa = XCBuildConfiguration;
			buildSettings = {
				ASSETCATALOG_COMPILER_APPICON_NAME = AppIcon;
				ASSETCATALOG_COMPILER_LAUNCHIMAGE_NAME = LaunchImage;
				CODE_SIGN_IDENTITY = "iPhone Developer: Zhong Ping (5ST6Q5GU79)";
				"CODE_SIGN_IDENTITY[sdk=iphoneos*]" = "iPhone Developer: Zhong Ping (5ST6Q5GU79)";
				GCC_PRECOMPILE_PREFIX_HEADER = YES;
				GCC_PREFIX_HEADER = "$(SRCROOT)/FFMovie/Other(其他)/FFMovie-Prefix.pch";
				INFOPLIST_FILE = FFMovie/Info.plist;
				IPHONEOS_DEPLOYMENT_TARGET = 8.4;
				LD_RUNPATH_SEARCH_PATHS = "$(inherited) @executable_path/Frameworks";
				PRODUCT_BUNDLE_IDENTIFIER = com.szhome.SZHomeForum;
				PRODUCT_NAME = "$(TARGET_NAME)";
				PROVISIONING_PROFILE = "6d9bf399-e31a-4532-af0c-fb7d50bb3387";
			};
			name = Debug;
		};
		66A80F6C1BD095BD0094CF29 /* Release */ = {
			isa = XCBuildConfiguration;
			buildSettings = {
				ASSETCATALOG_COMPILER_APPICON_NAME = AppIcon;
				ASSETCATALOG_COMPILER_LAUNCHIMAGE_NAME = LaunchImage;
				CODE_SIGN_IDENTITY = "iPhone Developer: Zhong Ping (5ST6Q5GU79)";
				"CODE_SIGN_IDENTITY[sdk=iphoneos*]" = "iPhone Developer: Zhong Ping (5ST6Q5GU79)";
				GCC_PRECOMPILE_PREFIX_HEADER = YES;
				GCC_PREFIX_HEADER = "$(SRCROOT)/FFMovie/Other(其他)/FFMovie-Prefix.pch";
				INFOPLIST_FILE = FFMovie/Info.plist;
				IPHONEOS_DEPLOYMENT_TARGET = 8.4;
				LD_RUNPATH_SEARCH_PATHS = "$(inherited) @executable_path/Frameworks";
				PRODUCT_BUNDLE_IDENTIFIER = com.szhome.SZHomeForum;
				PRODUCT_NAME = "$(TARGET_NAME)";
				PROVISIONING_PROFILE = "6d9bf399-e31a-4532-af0c-fb7d50bb3387";
			};
			name = Release;
		};
		66A80F6E1BD095BD0094CF29 /* Debug */ = {
			isa = XCBuildConfiguration;
			buildSettings = {
				BUNDLE_LOADER = "$(TEST_HOST)";
				FRAMEWORK_SEARCH_PATHS = (
					"$(PLATFORM_DIR)/Developer/Library/Frameworks",
					"$(inherited)",
				);
				GCC_PRECOMPILE_PREFIX_HEADER = YES;
				GCC_PREFIX_HEADER = "$(SRCROOT)/FFMovie/Other(其他)/FFMovie-Prefix.pch";
				GCC_PREPROCESSOR_DEFINITIONS = (
					"DEBUG=1",
					"$(inherited)",
				);
				INFOPLIST_FILE = FFMovieTests/Info.plist;
				LD_RUNPATH_SEARCH_PATHS = "$(inherited) @executable_path/Frameworks @loader_path/Frameworks";
				PRODUCT_BUNDLE_IDENTIFIER = "com.etop.$(PRODUCT_NAME:rfc1034identifier)";
				PRODUCT_NAME = "$(TARGET_NAME)";
				TEST_HOST = "$(BUILT_PRODUCTS_DIR)/FFMovie.app/FFMovie";
			};
			name = Debug;
		};
		66A80F6F1BD095BD0094CF29 /* Release */ = {
			isa = XCBuildConfiguration;
			buildSettings = {
				BUNDLE_LOADER = "$(TEST_HOST)";
				FRAMEWORK_SEARCH_PATHS = (
					"$(PLATFORM_DIR)/Developer/Library/Frameworks",
					"$(inherited)",
				);
				GCC_PRECOMPILE_PREFIX_HEADER = YES;
				GCC_PREFIX_HEADER = "$(SRCROOT)/FFMovie/Other(其他)/FFMovie-Prefix.pch";
				INFOPLIST_FILE = FFMovieTests/Info.plist;
				LD_RUNPATH_SEARCH_PATHS = "$(inherited) @executable_path/Frameworks @loader_path/Frameworks";
				PRODUCT_BUNDLE_IDENTIFIER = "com.etop.$(PRODUCT_NAME:rfc1034identifier)";
				PRODUCT_NAME = "$(TARGET_NAME)";
				TEST_HOST = "$(BUILT_PRODUCTS_DIR)/FFMovie.app/FFMovie";
			};
			name = Release;
		};
/* End XCBuildConfiguration section */

/* Begin XCConfigurationList section */
		66A80F421BD095BD0094CF29 /* Build configuration list for PBXProject "FFMovie" */ = {
			isa = XCConfigurationList;
			buildConfigurations = (
				66A80F681BD095BD0094CF29 /* Debug */,
				66A80F691BD095BD0094CF29 /* Release */,
			);
			defaultConfigurationIsVisible = 0;
			defaultConfigurationName = Release;
		};
		66A80F6A1BD095BD0094CF29 /* Build configuration list for PBXNativeTarget "FFMovie" */ = {
			isa = XCConfigurationList;
			buildConfigurations = (
				66A80F6B1BD095BD0094CF29 /* Debug */,
				66A80F6C1BD095BD0094CF29 /* Release */,
			);
			defaultConfigurationIsVisible = 0;
			defaultConfigurationName = Release;
		};
		66A80F6D1BD095BD0094CF29 /* Build configuration list for PBXNativeTarget "FFMovieTests" */ = {
			isa = XCConfigurationList;
			buildConfigurations = (
				66A80F6E1BD095BD0094CF29 /* Debug */,
				66A80F6F1BD095BD0094CF29 /* Release */,
			);
			defaultConfigurationIsVisible = 0;
			defaultConfigurationName = Release;
		};
/* End XCConfigurationList section */
	};
	rootObject = 66A80F3F1BD095BD0094CF29 /* Project object */;
}
